// !$*UTF8*$!
{
	archiveVersion = 1;
	classes = {
	};
	objectVersion = 55;
	objects = {

/* Begin PBXBuildFile section */
		D8E732E6283BD0EA00003CFB /* AppDelegate.swift in Sources */ = {isa = PBXBuildFile; fileRef = D8E732E5283BD0EA00003CFB /* AppDelegate.swift */; };
		D8E732E8283BD0EA00003CFB /* SceneDelegate.swift in Sources */ = {isa = PBXBuildFile; fileRef = D8E732E7283BD0EA00003CFB /* SceneDelegate.swift */; };
		D8E732EA283BD0EA00003CFB /* ViewController.swift in Sources */ = {isa = PBXBuildFile; fileRef = D8E732E9283BD0EA00003CFB /* ViewController.swift */; };
		D8E732ED283BD0EA00003CFB /* Main.storyboard in Resources */ = {isa = PBXBuildFile; fileRef = D8E732EB283BD0EA00003CFB /* Main.storyboard */; };
		D8E732EF283BD0EC00003CFB /* Assets.xcassets in Resources */ = {isa = PBXBuildFile; fileRef = D8E732EE283BD0EC00003CFB /* Assets.xcassets */; };
		D8E732F2283BD0EC00003CFB /* LaunchScreen.storyboard in Resources */ = {isa = PBXBuildFile; fileRef = D8E732F0283BD0EC00003CFB /* LaunchScreen.storyboard */; };
		D8E732FD283BD0EC00003CFB /* AutoLayoutTests.swift in Sources */ = {isa = PBXBuildFile; fileRef = D8E732FC283BD0EC00003CFB /* AutoLayoutTests.swift */; };
		D8E73307283BD0EC00003CFB /* AutoLayoutUITests.swift in Sources */ = {isa = PBXBuildFile; fileRef = D8E73306283BD0EC00003CFB /* AutoLayoutUITests.swift */; };
		D8E73309283BD0EC00003CFB /* AutoLayoutUITestsLaunchTests.swift in Sources */ = {isa = PBXBuildFile; fileRef = D8E73308283BD0EC00003CFB /* AutoLayoutUITestsLaunchTests.swift */; };
/* End PBXBuildFile section */

/* Begin PBXContainerItemProxy section */
		D8E732F9283BD0EC00003CFB /* PBXContainerItemProxy */ = {
			isa = PBXContainerItemProxy;
			containerPortal = D8E732DA283BD0EA00003CFB /* Project object */;
			proxyType = 1;
			remoteGlobalIDString = D8E732E1283BD0EA00003CFB;
			remoteInfo = AutoLayout;
		};
		D8E73303283BD0EC00003CFB /* PBXContainerItemProxy */ = {
			isa = PBXContainerItemProxy;
			containerPortal = D8E732DA283BD0EA00003CFB /* Project object */;
			proxyType = 1;
			remoteGlobalIDString = D8E732E1283BD0EA00003CFB;
			remoteInfo = AutoLayout;
		};
/* End PBXContainerItemProxy section */

/* Begin PBXFileReference section */
		D8E732E2283BD0EA00003CFB /* AutoLayout.app */ = {isa = PBXFileReference; explicitFileType = wrapper.application; includeInIndex = 0; path = AutoLayout.app; sourceTree = BUILT_PRODUCTS_DIR; };
		D8E732E5283BD0EA00003CFB /* AppDelegate.swift */ = {isa = PBXFileReference; lastKnownFileType = sourcecode.swift; path = AppDelegate.swift; sourceTree = "<group>"; };
		D8E732E7283BD0EA00003CFB /* SceneDelegate.swift */ = {isa = PBXFileReference; lastKnownFileType = sourcecode.swift; path = SceneDelegate.swift; sourceTree = "<group>"; };
		D8E732E9283BD0EA00003CFB /* ViewController.swift */ = {isa = PBXFileReference; lastKnownFileType = sourcecode.swift; path = ViewController.swift; sourceTree = "<group>"; };
		D8E732EC283BD0EA00003CFB /* Base */ = {isa = PBXFileReference; lastKnownFileType = file.storyboard; name = Base; path = Base.lproj/Main.storyboard; sourceTree = "<group>"; };
		D8E732EE283BD0EC00003CFB /* Assets.xcassets */ = {isa = PBXFileReference; lastKnownFileType = folder.assetcatalog; path = Assets.xcassets; sourceTree = "<group>"; };
		D8E732F1283BD0EC00003CFB /* Base */ = {isa = PBXFileReference; lastKnownFileType = file.storyboard; name = Base; path = Base.lproj/LaunchScreen.storyboard; sourceTree = "<group>"; };
		D8E732F3283BD0EC00003CFB /* Info.plist */ = {isa = PBXFileReference; lastKnownFileType = text.plist.xml; path = Info.plist; sourceTree = "<group>"; };
		D8E732F8283BD0EC00003CFB /* AutoLayoutTests.xctest */ = {isa = PBXFileReference; explicitFileType = wrapper.cfbundle; includeInIndex = 0; path = AutoLayoutTests.xctest; sourceTree = BUILT_PRODUCTS_DIR; };
		D8E732FC283BD0EC00003CFB /* AutoLayoutTests.swift */ = {isa = PBXFileReference; lastKnownFileType = sourcecode.swift; path = AutoLayoutTests.swift; sourceTree = "<group>"; };
		D8E73302283BD0EC00003CFB /* AutoLayoutUITests.xctest */ = {isa = PBXFileReference; explicitFileType = wrapper.cfbundle; includeInIndex = 0; path = AutoLayoutUITests.xctest; sourceTree = BUILT_PRODUCTS_DIR; };
		D8E73306283BD0EC00003CFB /* AutoLayoutUITests.swift */ = {isa = PBXFileReference; lastKnownFileType = sourcecode.swift; path = AutoLayoutUITests.swift; sourceTree = "<group>"; };
		D8E73308283BD0EC00003CFB /* AutoLayoutUITestsLaunchTests.swift */ = {isa = PBXFileReference; lastKnownFileType = sourcecode.swift; path = AutoLayoutUITestsLaunchTests.swift; sourceTree = "<group>"; };
/* End PBXFileReference section */

/* Begin PBXFrameworksBuildPhase section */
		D8E732DF283BD0EA00003CFB /* Frameworks */ = {
			isa = PBXFrameworksBuildPhase;
			buildActionMask = 2147483647;
			files = (
			);
			runOnlyForDeploymentPostprocessing = 0;
		};
		D8E732F5283BD0EC00003CFB /* Frameworks */ = {
			isa = PBXFrameworksBuildPhase;
			buildActionMask = 2147483647;
			files = (
			);
			runOnlyForDeploymentPostprocessing = 0;
		};
		D8E732FF283BD0EC00003CFB /* Frameworks */ = {
			isa = PBXFrameworksBuildPhase;
			buildActionMask = 2147483647;
			files = (
			);
			runOnlyForDeploymentPostprocessing = 0;
		};
/* End PBXFrameworksBuildPhase section */

/* Begin PBXGroup section */
		D8E732D9283BD0EA00003CFB = {
			isa = PBXGroup;
			children = (
				D8E732E4283BD0EA00003CFB /* AutoLayout */,
				D8E732FB283BD0EC00003CFB /* AutoLayoutTests */,
				D8E73305283BD0EC00003CFB /* AutoLayoutUITests */,
				D8E732E3283BD0EA00003CFB /* Products */,
			);
			sourceTree = "<group>";
		};
		D8E732E3283BD0EA00003CFB /* Products */ = {
			isa = PBXGroup;
			children = (
				D8E732E2283BD0EA00003CFB /* AutoLayout.app */,
				D8E732F8283BD0EC00003CFB /* AutoLayoutTests.xctest */,
				D8E73302283BD0EC00003CFB /* AutoLayoutUITests.xctest */,
			);
			name = Products;
			sourceTree = "<group>";
		};
		D8E732E4283BD0EA00003CFB /* AutoLayout */ = {
			isa = PBXGroup;
			children = (
				D8E732E5283BD0EA00003CFB /* AppDelegate.swift */,
				D8E732E7283BD0EA00003CFB /* SceneDelegate.swift */,
				D8E732E9283BD0EA00003CFB /* ViewController.swift */,
				D8E732EB283BD0EA00003CFB /* Main.storyboard */,
				D8E732EE283BD0EC00003CFB /* Assets.xcassets */,
				D8E732F0283BD0EC00003CFB /* LaunchScreen.storyboard */,
				D8E732F3283BD0EC00003CFB /* Info.plist */,
			);
			path = AutoLayout;
			sourceTree = "<group>";
		};
		D8E732FB283BD0EC00003CFB /* AutoLayoutTests */ = {
			isa = PBXGroup;
			children = (
				D8E732FC283BD0EC00003CFB /* AutoLayoutTests.swift */,
			);
			path = AutoLayoutTests;
			sourceTree = "<group>";
		};
		D8E73305283BD0EC00003CFB /* AutoLayoutUITests */ = {
			isa = PBXGroup;
			children = (
				D8E73306283BD0EC00003CFB /* AutoLayoutUITests.swift */,
				D8E73308283BD0EC00003CFB /* AutoLayoutUITestsLaunchTests.swift */,
			);
			path = AutoLayoutUITests;
			sourceTree = "<group>";
		};
/* End PBXGroup section */

/* Begin PBXNativeTarget section */
		D8E732E1283BD0EA00003CFB /* AutoLayout */ = {
			isa = PBXNativeTarget;
			buildConfigurationList = D8E7330C283BD0ED00003CFB /* Build configuration list for PBXNativeTarget "AutoLayout" */;
			buildPhases = (
				D8E732DE283BD0EA00003CFB /* Sources */,
				D8E732DF283BD0EA00003CFB /* Frameworks */,
				D8E732E0283BD0EA00003CFB /* Resources */,
			);
			buildRules = (
			);
			dependencies = (
			);
			name = AutoLayout;
			productName = AutoLayout;
			productReference = D8E732E2283BD0EA00003CFB /* AutoLayout.app */;
			productType = "com.apple.product-type.application";
		};
		D8E732F7283BD0EC00003CFB /* AutoLayoutTests */ = {
			isa = PBXNativeTarget;
			buildConfigurationList = D8E7330F283BD0ED00003CFB /* Build configuration list for PBXNativeTarget "AutoLayoutTests" */;
			buildPhases = (
				D8E732F4283BD0EC00003CFB /* Sources */,
				D8E732F5283BD0EC00003CFB /* Frameworks */,
				D8E732F6283BD0EC00003CFB /* Resources */,
			);
			buildRules = (
			);
			dependencies = (
				D8E732FA283BD0EC00003CFB /* PBXTargetDependency */,
			);
			name = AutoLayoutTests;
			productName = AutoLayoutTests;
			productReference = D8E732F8283BD0EC00003CFB /* AutoLayoutTests.xctest */;
			productType = "com.apple.product-type.bundle.unit-test";
		};
		D8E73301283BD0EC00003CFB /* AutoLayoutUITests */ = {
			isa = PBXNativeTarget;
			buildConfigurationList = D8E73312283BD0ED00003CFB /* Build configuration list for PBXNativeTarget "AutoLayoutUITests" */;
			buildPhases = (
				D8E732FE283BD0EC00003CFB /* Sources */,
				D8E732FF283BD0EC00003CFB /* Frameworks */,
				D8E73300283BD0EC00003CFB /* Resources */,
			);
			buildRules = (
			);
			dependencies = (
				D8E73304283BD0EC00003CFB /* PBXTargetDependency */,
			);
			name = AutoLayoutUITests;
			productName = AutoLayoutUITests;
			productReference = D8E73302283BD0EC00003CFB /* AutoLayoutUITests.xctest */;
			productType = "com.apple.product-type.bundle.ui-testing";
		};
/* End PBXNativeTarget section */

/* Begin PBXProject section */
		D8E732DA283BD0EA00003CFB /* Project object */ = {
			isa = PBXProject;
			attributes = {
				BuildIndependentTargetsInParallel = 1;
				LastSwiftUpdateCheck = 1330;
				LastUpgradeCheck = 1330;
				TargetAttributes = {
					D8E732E1283BD0EA00003CFB = {
						CreatedOnToolsVersion = 13.3.1;
					};
					D8E732F7283BD0EC00003CFB = {
						CreatedOnToolsVersion = 13.3.1;
						TestTargetID = D8E732E1283BD0EA00003CFB;
					};
					D8E73301283BD0EC00003CFB = {
						CreatedOnToolsVersion = 13.3.1;
						TestTargetID = D8E732E1283BD0EA00003CFB;
					};
				};
			};
			buildConfigurationList = D8E732DD283BD0EA00003CFB /* Build configuration list for PBXProject "AutoLayout" */;
			compatibilityVersion = "Xcode 13.0";
			developmentRegion = en;
			hasScannedForEncodings = 0;
			knownRegions = (
				en,
				Base,
			);
			mainGroup = D8E732D9283BD0EA00003CFB;
			productRefGroup = D8E732E3283BD0EA00003CFB /* Products */;
			projectDirPath = "";
			projectRoot = "";
			targets = (
				D8E732E1283BD0EA00003CFB /* AutoLayout */,
				D8E732F7283BD0EC00003CFB /* AutoLayoutTests */,
				D8E73301283BD0EC00003CFB /* AutoLayoutUITests */,
			);
		};
/* End PBXProject section */

/* Begin PBXResourcesBuildPhase section */
		D8E732E0283BD0EA00003CFB /* Resources */ = {
			isa = PBXResourcesBuildPhase;
			buildActionMask = 2147483647;
			files = (
				D8E732F2283BD0EC00003CFB /* LaunchScreen.storyboard in Resources */,
				D8E732EF283BD0EC00003CFB /* Assets.xcassets in Resources */,
				D8E732ED283BD0EA00003CFB /* Main.storyboard in Resources */,
			);
			runOnlyForDeploymentPostprocessing = 0;
		};
		D8E732F6283BD0EC00003CFB /* Resources */ = {
			isa = PBXResourcesBuildPhase;
			buildActionMask = 2147483647;
			files = (
			);
			runOnlyForDeploymentPostprocessing = 0;
		};
		D8E73300283BD0EC00003CFB /* Resources */ = {
			isa = PBXResourcesBuildPhase;
			buildActionMask = 2147483647;
			files = (
			);
			runOnlyForDeploymentPostprocessing = 0;
		};
/* End PBXResourcesBuildPhase section */

/* Begin PBXSourcesBuildPhase section */
		D8E732DE283BD0EA00003CFB /* Sources */ = {
			isa = PBXSourcesBuildPhase;
			buildActionMask = 2147483647;
			files = (
				D8E732EA283BD0EA00003CFB /* ViewController.swift in Sources */,
				D8E732E6283BD0EA00003CFB /* AppDelegate.swift in Sources */,
				D8E732E8283BD0EA00003CFB /* SceneDelegate.swift in Sources */,
			);
			runOnlyForDeploymentPostprocessing = 0;
		};
		D8E732F4283BD0EC00003CFB /* Sources */ = {
			isa = PBXSourcesBuildPhase;
			buildActionMask = 2147483647;
			files = (
				D8E732FD283BD0EC00003CFB /* AutoLayoutTests.swift in Sources */,
			);
			runOnlyForDeploymentPostprocessing = 0;
		};
		D8E732FE283BD0EC00003CFB /* Sources */ = {
			isa = PBXSourcesBuildPhase;
			buildActionMask = 2147483647;
			files = (
				D8E73307283BD0EC00003CFB /* AutoLayoutUITests.swift in Sources */,
				D8E73309283BD0EC00003CFB /* AutoLayoutUITestsLaunchTests.swift in Sources */,
			);
			runOnlyForDeploymentPostprocessing = 0;
		};
/* End PBXSourcesBuildPhase section */

/* Begin PBXTargetDependency section */
		D8E732FA283BD0EC00003CFB /* PBXTargetDependency */ = {
			isa = PBXTargetDependency;
			target = D8E732E1283BD0EA00003CFB /* AutoLayout */;
			targetProxy = D8E732F9283BD0EC00003CFB /* PBXContainerItemProxy */;
		};
		D8E73304283BD0EC00003CFB /* PBXTargetDependency */ = {
			isa = PBXTargetDependency;
			target = D8E732E1283BD0EA00003CFB /* AutoLayout */;
			targetProxy = D8E73303283BD0EC00003CFB /* PBXContainerItemProxy */;
		};
/* End PBXTargetDependency section */

/* Begin PBXVariantGroup section */
		D8E732EB283BD0EA00003CFB /* Main.storyboard */ = {
			isa = PBXVariantGroup;
			children = (
				D8E732EC283BD0EA00003CFB /* Base */,
			);
			name = Main.storyboard;
			sourceTree = "<group>";
		};
		D8E732F0283BD0EC00003CFB /* LaunchScreen.storyboard */ = {
			isa = PBXVariantGroup;
			children = (
				D8E732F1283BD0EC00003CFB /* Base */,
			);
			name = LaunchScreen.storyboard;
			sourceTree = "<group>";
		};
/* End PBXVariantGroup section */

/* Begin XCBuildConfiguration section */
		D8E7330A283BD0ED00003CFB /* Debug */ = {
			isa = XCBuildConfiguration;
			buildSettings = {
				ALWAYS_SEARCH_USER_PATHS = NO;
				CLANG_ANALYZER_NONNULL = YES;
				CLANG_ANALYZER_NUMBER_OBJECT_CONVERSION = YES_AGGRESSIVE;
				CLANG_CXX_LANGUAGE_STANDARD = "gnu++17";
				CLANG_ENABLE_MODULES = YES;
				CLANG_ENABLE_OBJC_ARC = YES;
				CLANG_ENABLE_OBJC_WEAK = YES;
				CLANG_WARN_BLOCK_CAPTURE_AUTORELEASING = YES;
				CLANG_WARN_BOOL_CONVERSION = YES;
				CLANG_WARN_COMMA = YES;
				CLANG_WARN_CONSTANT_CONVERSION = YES;
				CLANG_WARN_DEPRECATED_OBJC_IMPLEMENTATIONS = YES;
				CLANG_WARN_DIRECT_OBJC_ISA_USAGE = YES_ERROR;
				CLANG_WARN_DOCUMENTATION_COMMENTS = YES;
				CLANG_WARN_EMPTY_BODY = YES;
				CLANG_WARN_ENUM_CONVERSION = YES;
				CLANG_WARN_INFINITE_RECURSION = YES;
				CLANG_WARN_INT_CONVERSION = YES;
				CLANG_WARN_NON_LITERAL_NULL_CONVERSION = YES;
				CLANG_WARN_OBJC_IMPLICIT_RETAIN_SELF = YES;
				CLANG_WARN_OBJC_LITERAL_CONVERSION = YES;
				CLANG_WARN_OBJC_ROOT_CLASS = YES_ERROR;
				CLANG_WARN_QUOTED_INCLUDE_IN_FRAMEWORK_HEADER = YES;
				CLANG_WARN_RANGE_LOOP_ANALYSIS = YES;
				CLANG_WARN_STRICT_PROTOTYPES = YES;
				CLANG_WARN_SUSPICIOUS_MOVE = YES;
				CLANG_WARN_UNGUARDED_AVAILABILITY = YES_AGGRESSIVE;
				CLANG_WARN_UNREACHABLE_CODE = YES;
				CLANG_WARN__DUPLICATE_METHOD_MATCH = YES;
				COPY_PHASE_STRIP = NO;
				DEBUG_INFORMATION_FORMAT = dwarf;
				ENABLE_STRICT_OBJC_MSGSEND = YES;
				ENABLE_TESTABILITY = YES;
				GCC_C_LANGUAGE_STANDARD = gnu11;
				GCC_DYNAMIC_NO_PIC = NO;
				GCC_NO_COMMON_BLOCKS = YES;
				GCC_OPTIMIZATION_LEVEL = 0;
				GCC_PREPROCESSOR_DEFINITIONS = (
					"DEBUG=1",
					"$(inherited)",
				);
				GCC_WARN_64_TO_32_BIT_CONVERSION = YES;
				GCC_WARN_ABOUT_RETURN_TYPE = YES_ERROR;
				GCC_WARN_UNDECLARED_SELECTOR = YES;
				GCC_WARN_UNINITIALIZED_AUTOS = YES_AGGRESSIVE;
				GCC_WARN_UNUSED_FUNCTION = YES;
				GCC_WARN_UNUSED_VARIABLE = YES;
				IPHONEOS_DEPLOYMENT_TARGET = 15.4;
				MTL_ENABLE_DEBUG_INFO = INCLUDE_SOURCE;
				MTL_FAST_MATH = YES;
				ONLY_ACTIVE_ARCH = YES;
				SDKROOT = iphoneos;
				SWIFT_ACTIVE_COMPILATION_CONDITIONS = DEBUG;
				SWIFT_OPTIMIZATION_LEVEL = "-Onone";
			};
			name = Debug;
		};
		D8E7330B283BD0ED00003CFB /* Release */ = {
			isa = XCBuildConfiguration;
			buildSettings = {
				ALWAYS_SEARCH_USER_PATHS = NO;
				CLANG_ANALYZER_NONNULL = YES;
				CLANG_ANALYZER_NUMBER_OBJECT_CONVERSION = YES_AGGRESSIVE;
				CLANG_CXX_LANGUAGE_STANDARD = "gnu++17";
				CLANG_ENABLE_MODULES = YES;
				CLANG_ENABLE_OBJC_ARC = YES;
				CLANG_ENABLE_OBJC_WEAK = YES;
				CLANG_WARN_BLOCK_CAPTURE_AUTORELEASING = YES;
				CLANG_WARN_BOOL_CONVERSION = YES;
				CLANG_WARN_COMMA = YES;
				CLANG_WARN_CONSTANT_CONVERSION = YES;
				CLANG_WARN_DEPRECATED_OBJC_IMPLEMENTATIONS = YES;
				CLANG_WARN_DIRECT_OBJC_ISA_USAGE = YES_ERROR;
				CLANG_WARN_DOCUMENTATION_COMMENTS = YES;
				CLANG_WARN_EMPTY_BODY = YES;
				CLANG_WARN_ENUM_CONVERSION = YES;
				CLANG_WARN_INFINITE_RECURSION = YES;
				CLANG_WARN_INT_CONVERSION = YES;
				CLANG_WARN_NON_LITERAL_NULL_CONVERSION = YES;
				CLANG_WARN_OBJC_IMPLICIT_RETAIN_SELF = YES;
				CLANG_WARN_OBJC_LITERAL_CONVERSION = YES;
				CLANG_WARN_OBJC_ROOT_CLASS = YES_ERROR;
				CLANG_WARN_QUOTED_INCLUDE_IN_FRAMEWORK_HEADER = YES;
				CLANG_WARN_RANGE_LOOP_ANALYSIS = YES;
				CLANG_WARN_STRICT_PROTOTYPES = YES;
				CLANG_WARN_SUSPICIOUS_MOVE = YES;
				CLANG_WARN_UNGUARDED_AVAILABILITY = YES_AGGRESSIVE;
				CLANG_WARN_UNREACHABLE_CODE = YES;
				CLANG_WARN__DUPLICATE_METHOD_MATCH = YES;
				COPY_PHASE_STRIP = NO;
				DEBUG_INFORMATION_FORMAT = "dwarf-with-dsym";
				ENABLE_NS_ASSERTIONS = NO;
				ENABLE_STRICT_OBJC_MSGSEND = YES;
				GCC_C_LANGUAGE_STANDARD = gnu11;
				GCC_NO_COMMON_BLOCKS = YES;
				GCC_WARN_64_TO_32_BIT_CONVERSION = YES;
				GCC_WARN_ABOUT_RETURN_TYPE = YES_ERROR;
				GCC_WARN_UNDECLARED_SELECTOR = YES;
				GCC_WARN_UNINITIALIZED_AUTOS = YES_AGGRESSIVE;
				GCC_WARN_UNUSED_FUNCTION = YES;
				GCC_WARN_UNUSED_VARIABLE = YES;
				IPHONEOS_DEPLOYMENT_TARGET = 15.4;
				MTL_ENABLE_DEBUG_INFO = NO;
				MTL_FAST_MATH = YES;
				SDKROOT = iphoneos;
				SWIFT_COMPILATION_MODE = wholemodule;
				SWIFT_OPTIMIZATION_LEVEL = "-O";
				VALIDATE_PRODUCT = YES;
			};
			name = Release;
		};
		D8E7330D283BD0ED00003CFB /* Debug */ = {
			isa = XCBuildConfiguration;
			buildSettings = {
				ASSETCATALOG_COMPILER_APPICON_NAME = AppIcon;
				ASSETCATALOG_COMPILER_GLOBAL_ACCENT_COLOR_NAME = AccentColor;
				CODE_SIGN_STYLE = Automatic;
				CURRENT_PROJECT_VERSION = 1;
				GENERATE_INFOPLIST_FILE = YES;
				INFOPLIST_FILE = AutoLayout/Info.plist;
				INFOPLIST_KEY_UIApplicationSupportsIndirectInputEvents = YES;
				INFOPLIST_KEY_UILaunchStoryboardName = LaunchScreen;
				INFOPLIST_KEY_UIMainStoryboardFile = Main;
				INFOPLIST_KEY_UISupportedInterfaceOrientations_iPad = "UIInterfaceOrientationPortrait UIInterfaceOrientationPortraitUpsideDown UIInterfaceOrientationLandscapeLeft UIInterfaceOrientationLandscapeRight";
				INFOPLIST_KEY_UISupportedInterfaceOrientations_iPhone = "UIInterfaceOrientationPortrait UIInterfaceOrientationLandscapeLeft UIInterfaceOrientationLandscapeRight";
				LD_RUNPATH_SEARCH_PATHS = (
					"$(inherited)",
					"@executable_path/Frameworks",
				);
				MARKETING_VERSION = 1.0;
				PRODUCT_BUNDLE_IDENTIFIER = study.AutoLayout;
				PRODUCT_NAME = "$(TARGET_NAME)";
				SWIFT_EMIT_LOC_STRINGS = YES;
				SWIFT_VERSION = 5.0;
				TARGETED_DEVICE_FAMILY = "1,2";
			};
			name = Debug;
		};
		D8E7330E283BD0ED00003CFB /* Release */ = {
			isa = XCBuildConfiguration;
			buildSettings = {
				ASSETCATALOG_COMPILER_APPICON_NAME = AppIcon;
				ASSETCATALOG_COMPILER_GLOBAL_ACCENT_COLOR_NAME = AccentColor;
				CODE_SIGN_STYLE = Automatic;
				CURRENT_PROJECT_VERSION = 1;
				GENERATE_INFOPLIST_FILE = YES;
				INFOPLIST_FILE = AutoLayout/Info.plist;
				INFOPLIST_KEY_UIApplicationSupportsIndirectInputEvents = YES;
				INFOPLIST_KEY_UILaunchStoryboardName = LaunchScreen;
				INFOPLIST_KEY_UIMainStoryboardFile = Main;
				INFOPLIST_KEY_UISupportedInterfaceOrientations_iPad = "UIInterfaceOrientationPortrait UIInterfaceOrientationPortraitUpsideDown UIInterfaceOrientationLandscapeLeft UIInterfaceOrientationLandscapeRight";
				INFOPLIST_KEY_UISupportedInterfaceOrientations_iPhone = "UIInterfaceOrientationPortrait UIInterfaceOrientationLandscapeLeft UIInterfaceOrientationLandscapeRight";
				LD_RUNPATH_SEARCH_PATHS = (
					"$(inherited)",
					"@executable_path/Frameworks",
				);
				MARKETING_VERSION = 1.0;
				PRODUCT_BUNDLE_IDENTIFIER = study.AutoLayout;
				PRODUCT_NAME = "$(TARGET_NAME)";
				SWIFT_EMIT_LOC_STRINGS = YES;
				SWIFT_VERSION = 5.0;
				TARGETED_DEVICE_FAMILY = "1,2";
			};
			name = Release;
		};
		D8E73310283BD0ED00003CFB /* Debug */ = {
			isa = XCBuildConfiguration;
			buildSettings = {
				ALWAYS_EMBED_SWIFT_STANDARD_LIBRARIES = YES;
				BUNDLE_LOADER = "$(TEST_HOST)";
				CODE_SIGN_STYLE = Automatic;
				CURRENT_PROJECT_VERSION = 1;
				GENERATE_INFOPLIST_FILE = YES;
				IPHONEOS_DEPLOYMENT_TARGET = 15.4;
				MARKETING_VERSION = 1.0;
				PRODUCT_BUNDLE_IDENTIFIER = study.AutoLayoutTests;
				PRODUCT_NAME = "$(TARGET_NAME)";
				SWIFT_EMIT_LOC_STRINGS = NO;
				SWIFT_VERSION = 5.0;
				TARGETED_DEVICE_FAMILY = "1,2";
				TEST_HOST = "$(BUILT_PRODUCTS_DIR)/AutoLayout.app/AutoLayout";
			};
			name = Debug;
		};
		D8E73311283BD0ED00003CFB /* Release */ = {
			isa = XCBuildConfiguration;
			buildSettings = {
				ALWAYS_EMBED_SWIFT_STANDARD_LIBRARIES = YES;
				BUNDLE_LOADER = "$(TEST_HOST)";
				CODE_SIGN_STYLE = Automatic;
				CURRENT_PROJECT_VERSION = 1;
				GENERATE_INFOPLIST_FILE = YES;
				IPHONEOS_DEPLOYMENT_TARGET = 15.4;
				MARKETING_VERSION = 1.0;
				PRODUCT_BUNDLE_IDENTIFIER = study.AutoLayoutTests;
				PRODUCT_NAME = "$(TARGET_NAME)";
				SWIFT_EMIT_LOC_STRINGS = NO;
				SWIFT_VERSION = 5.0;
				TARGETED_DEVICE_FAMILY = "1,2";
				TEST_HOST = "$(BUILT_PRODUCTS_DIR)/AutoLayout.app/AutoLayout";
			};
			name = Release;
		};
		D8E73313283BD0ED00003CFB /* Debug */ = {
			isa = XCBuildConfiguration;
			buildSettings = {
				ALWAYS_EMBED_SWIFT_STANDARD_LIBRARIES = YES;
				CODE_SIGN_STYLE = Automatic;
				CURRENT_PROJECT_VERSION = 1;
				GENERATE_INFOPLIST_FILE = YES;
				MARKETING_VERSION = 1.0;
				PRODUCT_BUNDLE_IDENTIFIER = study.AutoLayoutUITests;
				PRODUCT_NAME = "$(TARGET_NAME)";
				SWIFT_EMIT_LOC_STRINGS = NO;
				SWIFT_VERSION = 5.0;
				TARGETED_DEVICE_FAMILY = "1,2";
				TEST_TARGET_NAME = AutoLayout;
			};
			name = Debug;
		};
		D8E73314283BD0ED00003CFB /* Release */ = {
			isa = XCBuildConfiguration;
			buildSettings = {
				ALWAYS_EMBED_SWIFT_STANDARD_LIBRARIES = YES;
				CODE_SIGN_STYLE = Automatic;
				CURRENT_PROJECT_VERSION = 1;
				GENERATE_INFOPLIST_FILE = YES;
				MARKETING_VERSION = 1.0;
				PRODUCT_BUNDLE_IDENTIFIER = study.AutoLayoutUITests;
				PRODUCT_NAME = "$(TARGET_NAME)";
				SWIFT_EMIT_LOC_STRINGS = NO;
				SWIFT_VERSION = 5.0;
				TARGETED_DEVICE_FAMILY = "1,2";
				TEST_TARGET_NAME = AutoLayout;
			};
			name = Release;
		};
/* End XCBuildConfiguration section */

/* Begin XCConfigurationList section */
		D8E732DD283BD0EA00003CFB /* Build configuration list for PBXProject "AutoLayout" */ = {
			isa = XCConfigurationList;
			buildConfigurations = (
				D8E7330A283BD0ED00003CFB /* Debug */,
				D8E7330B283BD0ED00003CFB /* Release */,
			);
			defaultConfigurationIsVisible = 0;
			defaultConfigurationName = Release;
		};
		D8E7330C283BD0ED00003CFB /* Build configuration list for PBXNativeTarget "AutoLayout" */ = {
			isa = XCConfigurationList;
			buildConfigurations = (
				D8E7330D283BD0ED00003CFB /* Debug */,
				D8E7330E283BD0ED00003CFB /* Release */,
			);
			defaultConfigurationIsVisible = 0;
			defaultConfigurationName = Release;
		};
		D8E7330F283BD0ED00003CFB /* Build configuration list for PBXNativeTarget "AutoLayoutTests" */ = {
			isa = XCConfigurationList;
			buildConfigurations = (
				D8E73310283BD0ED00003CFB /* Debug */,
				D8E73311283BD0ED00003CFB /* Release */,
			);
			defaultConfigurationIsVisible = 0;
			defaultConfigurationName = Release;
		};
		D8E73312283BD0ED00003CFB /* Build configuration list for PBXNativeTarget "AutoLayoutUITests" */ = {
			isa = XCConfigurationList;
			buildConfigurations = (
				D8E73313283BD0ED00003CFB /* Debug */,
				D8E73314283BD0ED00003CFB /* Release */,
			);
			defaultConfigurationIsVisible = 0;
			defaultConfigurationName = Release;
		};
/* End XCConfigurationList section */
	};
	rootObject = D8E732DA283BD0EA00003CFB /* Project object */;
}
